
Microsoft Visual Studio Solution File, Format Version 12.00
# Visual Studio Version 16
VisualStudioVersion = 16.0.32228.343
MinimumVisualStudioVersion = 10.0.40219.1
Project("{FAE04EC0-301F-11D3-BF4B-00C04F79EFBC}") = "ConsumirApiRest", "ConsumirApiRest\ConsumirApiRest.csproj", "{5AA93F03-D543-4405-8B05-7D0A11DCD805}"
EndProject
Global
	GlobalSection(SolutionConfigurationPlatforms) = preSolution
		Debug|Any CPU = Debug|Any CPU
		Release|Any CPU = Release|Any CPU
	EndGlobalSection
	GlobalSection(ProjectConfigurationPlatforms) = postSolution
		{5AA93F03-D543-4405-8B05-7D0A11DCD805}.Debug|Any CPU.ActiveCfg = Debug|Any CPU
		{5AA93F03-D543-4405-8B05-7D0A11DCD805}.Debug|Any CPU.Build.0 = Debug|Any CPU
		{5AA93F03-D543-4405-8B05-7D0A11DCD805}.Release|Any CPU.ActiveCfg = Release|Any CPU
		{5AA93F03-D543-4405-8B05-7D0A11DCD805}.Release|Any CPU.Build.0 = Release|Any CPU
	EndGlobalSection
	GlobalSection(SolutionProperties) = preSolution
		HideSolutionNode = FALSE
	EndGlobalSection
	GlobalSection(ExtensibilityGlobals) = postSolution
		SolutionGuid = {0DBF41E2-2041-435E-8361-9853281D8549}
	EndGlobalSection
EndGlobal
