
Microsoft Visual Studio Solution File, Format Version 12.00
# Visual Studio Version 16
VisualStudioVersion = 16.0.32228.343
MinimumVisualStudioVersion = 10.0.40219.1
Project("{FAE04EC0-301F-11D3-BF4B-00C04F79EFBC}") = "ServicioSOAP", "ServicioSOAP\ServicioSOAP.csproj", "{5D07AB2F-7CDE-4F13-ABBD-898BFAA79987}"
EndProject
Global
	GlobalSection(SolutionConfigurationPlatforms) = preSolution
		Debug|Any CPU = Debug|Any CPU
		Release|Any CPU = Release|Any CPU
	EndGlobalSection
	GlobalSection(ProjectConfigurationPlatforms) = postSolution
		{5D07AB2F-7CDE-4F13-ABBD-898BFAA79987}.Debug|Any CPU.ActiveCfg = Debug|Any CPU
		{5D07AB2F-7CDE-4F13-ABBD-898BFAA79987}.Debug|Any CPU.Build.0 = Debug|Any CPU
		{5D07AB2F-7CDE-4F13-ABBD-898BFAA79987}.Release|Any CPU.ActiveCfg = Release|Any CPU
		{5D07AB2F-7CDE-4F13-ABBD-898BFAA79987}.Release|Any CPU.Build.0 = Release|Any CPU
	EndGlobalSection
	GlobalSection(SolutionProperties) = preSolution
		HideSolutionNode = FALSE
	EndGlobalSection
	GlobalSection(ExtensibilityGlobals) = postSolution
		SolutionGuid = {4EFB1FC3-8632-4211-A668-2406AE9C2E64}
	EndGlobalSection
EndGlobal
